
Microsoft Visual Studio Solution File, Format Version 12.00
# Visual Studio 15
VisualStudioVersion = 15.0.26730.16
MinimumVisualStudioVersion = 10.0.40219.1
Project("{FAE04EC0-301F-11D3-BF4B-00C04F79EFBC}") = "Hockey_Database", "Hockey_Database\Hockey_Database.csproj", "{A3A673C5-570D-422E-8162-BEA7B2AFB2B0}"
EndProject
Global
	GlobalSection(SolutionConfigurationPlatforms) = preSolution
		Debug|Any CPU = Debug|Any CPU
		Release|Any CPU = Release|Any CPU
	EndGlobalSection
	GlobalSection(ProjectConfigurationPlatforms) = postSolution
		{A3A673C5-570D-422E-8162-BEA7B2AFB2B0}.Debug|Any CPU.ActiveCfg = Debug|Any CPU
		{A3A673C5-570D-422E-8162-BEA7B2AFB2B0}.Debug|Any CPU.Build.0 = Debug|Any CPU
		{A3A673C5-570D-422E-8162-BEA7B2AFB2B0}.Release|Any CPU.ActiveCfg = Release|Any CPU
		{A3A673C5-570D-422E-8162-BEA7B2AFB2B0}.Release|Any CPU.Build.0 = Release|Any CPU
	EndGlobalSection
	GlobalSection(SolutionProperties) = preSolution
		HideSolutionNode = FALSE
	EndGlobalSection
	GlobalSection(ExtensibilityGlobals) = postSolution
		SolutionGuid = {591566F4-627C-4EE0-9094-A9C3F0B1ABD9}
	EndGlobalSection
EndGlobal
